
Microsoft Visual Studio Solution File, Format Version 12.00
# Visual Studio 15
VisualStudioVersion = 15.0.28010.2046
MinimumVisualStudioVersion = 10.0.40219.1
Project("{FAE04EC0-301F-11D3-BF4B-00C04F79EFBC}") = "ProjeGBC", "ProjeGBC\ProjeGBC.csproj", "{664F9587-5284-438C-8C85-118088339131}"
EndProject
Global
	GlobalSection(SolutionConfigurationPlatforms) = preSolution
		Debug|Any CPU = Debug|Any CPU
		Release|Any CPU = Release|Any CPU
	EndGlobalSection
	GlobalSection(ProjectConfigurationPlatforms) = postSolution
		{664F9587-5284-438C-8C85-118088339131}.Debug|Any CPU.ActiveCfg = Debug|Any CPU
		{664F9587-5284-438C-8C85-118088339131}.Debug|Any CPU.Build.0 = Debug|Any CPU
		{664F9587-5284-438C-8C85-118088339131}.Release|Any CPU.ActiveCfg = Release|Any CPU
		{664F9587-5284-438C-8C85-118088339131}.Release|Any CPU.Build.0 = Release|Any CPU
	EndGlobalSection
	GlobalSection(SolutionProperties) = preSolution
		HideSolutionNode = FALSE
	EndGlobalSection
	GlobalSection(ExtensibilityGlobals) = postSolution
		SolutionGuid = {0D5E5031-4EFA-44EB-B7F7-5FDAE59C7F35}
	EndGlobalSection
EndGlobal
